<Solution>
  <Project Path="Assembly-CSharp.csproj" />
  <Project Path="spine-unity-editor.csproj" />
  <Project Path="spine-csharp.csproj" />
  <Project Path="spine-unity.csproj" />
  <Project Path="ACTk.Runtime.csproj" />
  <Project Path="ACTk.Examples.Genuine.Runtime.csproj" />
  <Project Path="ACTk.Editor.csproj" />
  <Project Path="AllIn1SpriteShaderAssembly.csproj" />
  <Project Path="GoogleMobileAds.Editor.csproj" />
  <Project Path="Sirenix.OdinInspector.Modules.Unity.Addressables.csproj" />
  <Project Path="ACTk.Examples.Runtime.csproj" />
  <Project Path="Sirenix.OdinInspector.Modules.UnityMathematics.csproj" />
  <Project Path="ACTk.Examples.Genuine.Editor.csproj" />
</Solution>
